
Microsoft Visual Studio Solution File, Format Version 12.00
# Visual Studio 15
VisualStudioVersion = 15.0.27428.2005
MinimumVisualStudioVersion = 10.0.40219.1
Project("{FAE04EC0-301F-11D3-BF4B-00C04F79EFBC}") = "PracticalTask1", "PracticalTask1\PracticalTask1.csproj", "{BD3446A4-DB1B-43F8-8395-E13A08E9882E}"
EndProject
Global
	GlobalSection(SolutionConfigurationPlatforms) = preSolution
		Debug|Any CPU = Debug|Any CPU
		Release|Any CPU = Release|Any CPU
	EndGlobalSection
	GlobalSection(ProjectConfigurationPlatforms) = postSolution
		{BD3446A4-DB1B-43F8-8395-E13A08E9882E}.Debug|Any CPU.ActiveCfg = Debug|Any CPU
		{BD3446A4-DB1B-43F8-8395-E13A08E9882E}.Debug|Any CPU.Build.0 = Debug|Any CPU
		{BD3446A4-DB1B-43F8-8395-E13A08E9882E}.Release|Any CPU.ActiveCfg = Release|Any CPU
		{BD3446A4-DB1B-43F8-8395-E13A08E9882E}.Release|Any CPU.Build.0 = Release|Any CPU
	EndGlobalSection
	GlobalSection(SolutionProperties) = preSolution
		HideSolutionNode = FALSE
	EndGlobalSection
	GlobalSection(ExtensibilityGlobals) = postSolution
		SolutionGuid = {E4EA002E-09A7-4A46-B550-46E9E78C11FD}
	EndGlobalSection
EndGlobal
